// !$*UTF8*$!
{
	archiveVersion = 1;
	classes = {
	};
	objectVersion = 56;
	objects = {

/* Begin PBXBuildFile section */
		07B8206A2BF7F61700CE0C6A /* Login_FastAPIApp.swift in Sources */ = {isa = PBXBuildFile; fileRef = 07B820692BF7F61700CE0C6A /* Login_FastAPIApp.swift */; };
		07B8206C2BF7F61700CE0C6A /* ContentView.swift in Sources */ = {isa = PBXBuildFile; fileRef = 07B8206B2BF7F61700CE0C6A /* ContentView.swift */; };
		07B8206E2BF7F61800CE0C6A /* Assets.xcassets in Resources */ = {isa = PBXBuildFile; fileRef = 07B8206D2BF7F61800CE0C6A /* Assets.xcassets */; };
		07B820712BF7F61800CE0C6A /* Preview Assets.xcassets in Resources */ = {isa = PBXBuildFile; fileRef = 07B820702BF7F61800CE0C6A /* Preview Assets.xcassets */; };
		07B8207B2BF7F61900CE0C6A /* Login_FastAPITests.swift in Sources */ = {isa = PBXBuildFile; fileRef = 07B8207A2BF7F61900CE0C6A /* Login_FastAPITests.swift */; };
		07B820852BF7F61900CE0C6A /* Login_FastAPIUITests.swift in Sources */ = {isa = PBXBuildFile; fileRef = 07B820842BF7F61900CE0C6A /* Login_FastAPIUITests.swift */; };
		07B820872BF7F61900CE0C6A /* Login_FastAPIUITestsLaunchTests.swift in Sources */ = {isa = PBXBuildFile; fileRef = 07B820862BF7F61900CE0C6A /* Login_FastAPIUITestsLaunchTests.swift */; };
		07B820952BF7F63200CE0C6A /* CreateUserView.swift in Sources */ = {isa = PBXBuildFile; fileRef = 07B820942BF7F63200CE0C6A /* CreateUserView.swift */; };
		07B820972BF7F64400CE0C6A /* CreateUserVM.swift in Sources */ = {isa = PBXBuildFile; fileRef = 07B820962BF7F64400CE0C6A /* CreateUserVM.swift */; };
		07B8209B2BF7F6E500CE0C6A /* APIEndpoints.swift in Sources */ = {isa = PBXBuildFile; fileRef = 07B8209A2BF7F6E500CE0C6A /* APIEndpoints.swift */; };
		07B8209D2BF7F6FA00CE0C6A /* NetworkManager.swift in Sources */ = {isa = PBXBuildFile; fileRef = 07B8209C2BF7F6FA00CE0C6A /* NetworkManager.swift */; };
		07B820A02BF7F77800CE0C6A /* CreateUserRequest.swift in Sources */ = {isa = PBXBuildFile; fileRef = 07B8209F2BF7F77800CE0C6A /* CreateUserRequest.swift */; };
		07B820A22BF7F7DB00CE0C6A /* CreateUserResponse.swift in Sources */ = {isa = PBXBuildFile; fileRef = 07B820A12BF7F7DB00CE0C6A /* CreateUserResponse.swift */; };
		07B820A42BF7F7EE00CE0C6A /* TokenRequest.swift in Sources */ = {isa = PBXBuildFile; fileRef = 07B820A32BF7F7EE00CE0C6A /* TokenRequest.swift */; };
		07B820A62BF7F7FD00CE0C6A /* TokenResponse.swift in Sources */ = {isa = PBXBuildFile; fileRef = 07B820A52BF7F7FD00CE0C6A /* TokenResponse.swift */; };
		07B820E82BFBCD4A00CE0C6A /* DismissKeyboard.swift in Sources */ = {isa = PBXBuildFile; fileRef = 07B820E72BFBCD4A00CE0C6A /* DismissKeyboard.swift */; };
		BF5465C42BFA6F4C009D57CE /* LoginUserView.swift in Sources */ = {isa = PBXBuildFile; fileRef = BF5465C32BFA6F4C009D57CE /* LoginUserView.swift */; };
		BF5465C62BFA6F58009D57CE /* LoginUserVM.swift in Sources */ = {isa = PBXBuildFile; fileRef = BF5465C52BFA6F58009D57CE /* LoginUserVM.swift */; };
		BF5465C92BFA7491009D57CE /* HomePageView.swift in Sources */ = {isa = PBXBuildFile; fileRef = BF5465C82BFA7491009D57CE /* HomePageView.swift */; };
		BF5465CB2BFA749F009D57CE /* HomePageVM.swift in Sources */ = {isa = PBXBuildFile; fileRef = BF5465CA2BFA749F009D57CE /* HomePageVM.swift */; };
		BF5465CE2BFA9356009D57CE /* NavBarView.swift in Sources */ = {isa = PBXBuildFile; fileRef = BF5465CD2BFA9356009D57CE /* NavBarView.swift */; };
		BF5465D12BFA965C009D57CE /* CameraView.swift in Sources */ = {isa = PBXBuildFile; fileRef = BF5465D02BFA965C009D57CE /* CameraView.swift */; };
		BF5465D42BFA9906009D57CE /* ImageItem.swift in Sources */ = {isa = PBXBuildFile; fileRef = BF5465D32BFA9906009D57CE /* ImageItem.swift */; };
		BF5465D62BFA9926009D57CE /* ImageFeedView.swift in Sources */ = {isa = PBXBuildFile; fileRef = BF5465D52BFA9926009D57CE /* ImageFeedView.swift */; };
/* End PBXBuildFile section */

/* Begin PBXContainerItemProxy section */
		07B820772BF7F61900CE0C6A /* PBXContainerItemProxy */ = {
			isa = PBXContainerItemProxy;
			containerPortal = 07B8205E2BF7F61700CE0C6A /* Project object */;
			proxyType = 1;
			remoteGlobalIDString = 07B820652BF7F61700CE0C6A;
			remoteInfo = "Login-FastAPI";
		};
		07B820812BF7F61900CE0C6A /* PBXContainerItemProxy */ = {
			isa = PBXContainerItemProxy;
			containerPortal = 07B8205E2BF7F61700CE0C6A /* Project object */;
			proxyType = 1;
			remoteGlobalIDString = 07B820652BF7F61700CE0C6A;
			remoteInfo = "Login-FastAPI";
		};
/* End PBXContainerItemProxy section */

/* Begin PBXFileReference section */
		07B820662BF7F61700CE0C6A /* Login-FastAPI.app */ = {isa = PBXFileReference; explicitFileType = wrapper.application; includeInIndex = 0; path = "Login-FastAPI.app"; sourceTree = BUILT_PRODUCTS_DIR; };
		07B820692BF7F61700CE0C6A /* Login_FastAPIApp.swift */ = {isa = PBXFileReference; lastKnownFileType = sourcecode.swift; path = Login_FastAPIApp.swift; sourceTree = "<group>"; };
		07B8206B2BF7F61700CE0C6A /* ContentView.swift */ = {isa = PBXFileReference; lastKnownFileType = sourcecode.swift; path = ContentView.swift; sourceTree = "<group>"; };
		07B8206D2BF7F61800CE0C6A /* Assets.xcassets */ = {isa = PBXFileReference; lastKnownFileType = folder.assetcatalog; path = Assets.xcassets; sourceTree = "<group>"; };
		07B820702BF7F61800CE0C6A /* Preview Assets.xcassets */ = {isa = PBXFileReference; lastKnownFileType = folder.assetcatalog; path = "Preview Assets.xcassets"; sourceTree = "<group>"; };
		07B820762BF7F61900CE0C6A /* Login-FastAPITests.xctest */ = {isa = PBXFileReference; explicitFileType = wrapper.cfbundle; includeInIndex = 0; path = "Login-FastAPITests.xctest"; sourceTree = BUILT_PRODUCTS_DIR; };
		07B8207A2BF7F61900CE0C6A /* Login_FastAPITests.swift */ = {isa = PBXFileReference; lastKnownFileType = sourcecode.swift; path = Login_FastAPITests.swift; sourceTree = "<group>"; };
		07B820802BF7F61900CE0C6A /* Login-FastAPIUITests.xctest */ = {isa = PBXFileReference; explicitFileType = wrapper.cfbundle; includeInIndex = 0; path = "Login-FastAPIUITests.xctest"; sourceTree = BUILT_PRODUCTS_DIR; };
		07B820842BF7F61900CE0C6A /* Login_FastAPIUITests.swift */ = {isa = PBXFileReference; lastKnownFileType = sourcecode.swift; path = Login_FastAPIUITests.swift; sourceTree = "<group>"; };
		07B820862BF7F61900CE0C6A /* Login_FastAPIUITestsLaunchTests.swift */ = {isa = PBXFileReference; lastKnownFileType = sourcecode.swift; path = Login_FastAPIUITestsLaunchTests.swift; sourceTree = "<group>"; };
		07B820942BF7F63200CE0C6A /* CreateUserView.swift */ = {isa = PBXFileReference; lastKnownFileType = sourcecode.swift; path = CreateUserView.swift; sourceTree = "<group>"; };
		07B820962BF7F64400CE0C6A /* CreateUserVM.swift */ = {isa = PBXFileReference; lastKnownFileType = sourcecode.swift; path = CreateUserVM.swift; sourceTree = "<group>"; };
		07B8209A2BF7F6E500CE0C6A /* APIEndpoints.swift */ = {isa = PBXFileReference; lastKnownFileType = sourcecode.swift; path = APIEndpoints.swift; sourceTree = "<group>"; };
		07B8209C2BF7F6FA00CE0C6A /* NetworkManager.swift */ = {isa = PBXFileReference; lastKnownFileType = sourcecode.swift; path = NetworkManager.swift; sourceTree = "<group>"; };
		07B8209F2BF7F77800CE0C6A /* CreateUserRequest.swift */ = {isa = PBXFileReference; lastKnownFileType = sourcecode.swift; path = CreateUserRequest.swift; sourceTree = "<group>"; };
		07B820A12BF7F7DB00CE0C6A /* CreateUserResponse.swift */ = {isa = PBXFileReference; lastKnownFileType = sourcecode.swift; path = CreateUserResponse.swift; sourceTree = "<group>"; };
		07B820A32BF7F7EE00CE0C6A /* TokenRequest.swift */ = {isa = PBXFileReference; lastKnownFileType = sourcecode.swift; path = TokenRequest.swift; sourceTree = "<group>"; };
		07B820A52BF7F7FD00CE0C6A /* TokenResponse.swift */ = {isa = PBXFileReference; lastKnownFileType = sourcecode.swift; path = TokenResponse.swift; sourceTree = "<group>"; };
		07B820E72BFBCD4A00CE0C6A /* DismissKeyboard.swift */ = {isa = PBXFileReference; lastKnownFileType = sourcecode.swift; path = DismissKeyboard.swift; sourceTree = "<group>"; };
		BF5465C32BFA6F4C009D57CE /* LoginUserView.swift */ = {isa = PBXFileReference; lastKnownFileType = sourcecode.swift; path = LoginUserView.swift; sourceTree = "<group>"; };
		BF5465C52BFA6F58009D57CE /* LoginUserVM.swift */ = {isa = PBXFileReference; lastKnownFileType = sourcecode.swift; path = LoginUserVM.swift; sourceTree = "<group>"; };
		BF5465C82BFA7491009D57CE /* HomePageView.swift */ = {isa = PBXFileReference; lastKnownFileType = sourcecode.swift; path = HomePageView.swift; sourceTree = "<group>"; };
		BF5465CA2BFA749F009D57CE /* HomePageVM.swift */ = {isa = PBXFileReference; lastKnownFileType = sourcecode.swift; path = HomePageVM.swift; sourceTree = "<group>"; };
		BF5465CD2BFA9356009D57CE /* NavBarView.swift */ = {isa = PBXFileReference; lastKnownFileType = sourcecode.swift; path = NavBarView.swift; sourceTree = "<group>"; };
		BF5465D02BFA965C009D57CE /* CameraView.swift */ = {isa = PBXFileReference; lastKnownFileType = sourcecode.swift; path = CameraView.swift; sourceTree = "<group>"; };
		BF5465D22BFA9785009D57CE /* Info.plist */ = {isa = PBXFileReference; lastKnownFileType = text.plist; path = Info.plist; sourceTree = "<group>"; };
		BF5465D32BFA9906009D57CE /* ImageItem.swift */ = {isa = PBXFileReference; lastKnownFileType = sourcecode.swift; path = ImageItem.swift; sourceTree = "<group>"; };
		BF5465D52BFA9926009D57CE /* ImageFeedView.swift */ = {isa = PBXFileReference; lastKnownFileType = sourcecode.swift; path = ImageFeedView.swift; sourceTree = "<group>"; };
/* End PBXFileReference section */

/* Begin PBXFrameworksBuildPhase section */
		07B820632BF7F61700CE0C6A /* Frameworks */ = {
			isa = PBXFrameworksBuildPhase;
			buildActionMask = 2147483647;
			files = (
			);
			runOnlyForDeploymentPostprocessing = 0;
		};
		07B820732BF7F61900CE0C6A /* Frameworks */ = {
			isa = PBXFrameworksBuildPhase;
			buildActionMask = 2147483647;
			files = (
			);
			runOnlyForDeploymentPostprocessing = 0;
		};
		07B8207D2BF7F61900CE0C6A /* Frameworks */ = {
			isa = PBXFrameworksBuildPhase;
			buildActionMask = 2147483647;
			files = (
			);
			runOnlyForDeploymentPostprocessing = 0;
		};
/* End PBXFrameworksBuildPhase section */

/* Begin PBXGroup section */
		07B8205D2BF7F61700CE0C6A = {
			isa = PBXGroup;
			children = (
				07B820682BF7F61700CE0C6A /* Login-FastAPI */,
				07B820792BF7F61900CE0C6A /* Login-FastAPITests */,
				07B820832BF7F61900CE0C6A /* Login-FastAPIUITests */,
				07B820672BF7F61700CE0C6A /* Products */,
			);
			sourceTree = "<group>";
		};
		07B820672BF7F61700CE0C6A /* Products */ = {
			isa = PBXGroup;
			children = (
				07B820662BF7F61700CE0C6A /* Login-FastAPI.app */,
				07B820762BF7F61900CE0C6A /* Login-FastAPITests.xctest */,
				07B820802BF7F61900CE0C6A /* Login-FastAPIUITests.xctest */,
			);
			name = Products;
			sourceTree = "<group>";
		};
		07B820682BF7F61700CE0C6A /* Login-FastAPI */ = {
			isa = PBXGroup;
			children = (
				BF5465D22BFA9785009D57CE /* Info.plist */,
				BF5465CF2BFA964E009D57CE /* Camera */,
				BF5465CC2BFA9328009D57CE /* NavBar */,
				BF5465C72BFA747D009D57CE /* Home */,
				BF5465BE2BFA6C8E009D57CE /* Login */,
				07B820932BF7F62500CE0C6A /* Create User */,
				07B8209E2BF7F75400CE0C6A /* Model */,
				07B8206B2BF7F61700CE0C6A /* ContentView.swift */,
				07B820692BF7F61700CE0C6A /* Login_FastAPIApp.swift */,
				07B8209A2BF7F6E500CE0C6A /* APIEndpoints.swift */,
				07B8209C2BF7F6FA00CE0C6A /* NetworkManager.swift */,
				07B820E72BFBCD4A00CE0C6A /* DismissKeyboard.swift */,
				07B8206D2BF7F61800CE0C6A /* Assets.xcassets */,
				07B8206F2BF7F61800CE0C6A /* Preview Content */,
			);
			path = "Login-FastAPI";
			sourceTree = "<group>";
		};
		07B8206F2BF7F61800CE0C6A /* Preview Content */ = {
			isa = PBXGroup;
			children = (
				07B820702BF7F61800CE0C6A /* Preview Assets.xcassets */,
			);
			path = "Preview Content";
			sourceTree = "<group>";
		};
		07B820792BF7F61900CE0C6A /* Login-FastAPITests */ = {
			isa = PBXGroup;
			children = (
				07B8207A2BF7F61900CE0C6A /* Login_FastAPITests.swift */,
			);
			path = "Login-FastAPITests";
			sourceTree = "<group>";
		};
		07B820832BF7F61900CE0C6A /* Login-FastAPIUITests */ = {
			isa = PBXGroup;
			children = (
				07B820842BF7F61900CE0C6A /* Login_FastAPIUITests.swift */,
				07B820862BF7F61900CE0C6A /* Login_FastAPIUITestsLaunchTests.swift */,
			);
			path = "Login-FastAPIUITests";
			sourceTree = "<group>";
		};
		07B820932BF7F62500CE0C6A /* Create User */ = {
			isa = PBXGroup;
			children = (
				07B820942BF7F63200CE0C6A /* CreateUserView.swift */,
				07B820962BF7F64400CE0C6A /* CreateUserVM.swift */,
			);
			path = "Create User";
			sourceTree = "<group>";
		};
		07B8209E2BF7F75400CE0C6A /* Model */ = {
			isa = PBXGroup;
			children = (
				07B8209F2BF7F77800CE0C6A /* CreateUserRequest.swift */,
				07B820A12BF7F7DB00CE0C6A /* CreateUserResponse.swift */,
				07B820A32BF7F7EE00CE0C6A /* TokenRequest.swift */,
				07B820A52BF7F7FD00CE0C6A /* TokenResponse.swift */,
				BF5465D32BFA9906009D57CE /* ImageItem.swift */,
			);
			path = Model;
			sourceTree = "<group>";
		};
		BF5465BE2BFA6C8E009D57CE /* Login */ = {
			isa = PBXGroup;
			children = (
				BF5465C32BFA6F4C009D57CE /* LoginUserView.swift */,
				BF5465C52BFA6F58009D57CE /* LoginUserVM.swift */,
			);
			path = Login;
			sourceTree = "<group>";
		};
		BF5465C72BFA747D009D57CE /* Home */ = {
			isa = PBXGroup;
			children = (
				BF5465C82BFA7491009D57CE /* HomePageView.swift */,
				BF5465CA2BFA749F009D57CE /* HomePageVM.swift */,
				BF5465D52BFA9926009D57CE /* ImageFeedView.swift */,
			);
			path = Home;
			sourceTree = "<group>";
		};
		BF5465CC2BFA9328009D57CE /* NavBar */ = {
			isa = PBXGroup;
			children = (
				BF5465CD2BFA9356009D57CE /* NavBarView.swift */,
			);
			path = NavBar;
			sourceTree = "<group>";
		};
		BF5465CF2BFA964E009D57CE /* Camera */ = {
			isa = PBXGroup;
			children = (
				BF5465D02BFA965C009D57CE /* CameraView.swift */,
			);
			path = Camera;
			sourceTree = "<group>";
		};
/* End PBXGroup section */

/* Begin PBXNativeTarget section */
		07B820652BF7F61700CE0C6A /* Login-FastAPI */ = {
			isa = PBXNativeTarget;
			buildConfigurationList = 07B8208A2BF7F61900CE0C6A /* Build configuration list for PBXNativeTarget "Login-FastAPI" */;
			buildPhases = (
				07B820622BF7F61700CE0C6A /* Sources */,
				07B820632BF7F61700CE0C6A /* Frameworks */,
				07B820642BF7F61700CE0C6A /* Resources */,
			);
			buildRules = (
			);
			dependencies = (
			);
			name = "Login-FastAPI";
			productName = "Login-FastAPI";
			productReference = 07B820662BF7F61700CE0C6A /* Login-FastAPI.app */;
			productType = "com.apple.product-type.application";
		};
		07B820752BF7F61900CE0C6A /* Login-FastAPITests */ = {
			isa = PBXNativeTarget;
			buildConfigurationList = 07B8208D2BF7F61900CE0C6A /* Build configuration list for PBXNativeTarget "Login-FastAPITests" */;
			buildPhases = (
				07B820722BF7F61900CE0C6A /* Sources */,
				07B820732BF7F61900CE0C6A /* Frameworks */,
				07B820742BF7F61900CE0C6A /* Resources */,
			);
			buildRules = (
			);
			dependencies = (
				07B820782BF7F61900CE0C6A /* PBXTargetDependency */,
			);
			name = "Login-FastAPITests";
			productName = "Login-FastAPITests";
			productReference = 07B820762BF7F61900CE0C6A /* Login-FastAPITests.xctest */;
			productType = "com.apple.product-type.bundle.unit-test";
		};
		07B8207F2BF7F61900CE0C6A /* Login-FastAPIUITests */ = {
			isa = PBXNativeTarget;
			buildConfigurationList = 07B820902BF7F61900CE0C6A /* Build configuration list for PBXNativeTarget "Login-FastAPIUITests" */;
			buildPhases = (
				07B8207C2BF7F61900CE0C6A /* Sources */,
				07B8207D2BF7F61900CE0C6A /* Frameworks */,
				07B8207E2BF7F61900CE0C6A /* Resources */,
			);
			buildRules = (
			);
			dependencies = (
				07B820822BF7F61900CE0C6A /* PBXTargetDependency */,
			);
			name = "Login-FastAPIUITests";
			productName = "Login-FastAPIUITests";
			productReference = 07B820802BF7F61900CE0C6A /* Login-FastAPIUITests.xctest */;
			productType = "com.apple.product-type.bundle.ui-testing";
		};
/* End PBXNativeTarget section */

/* Begin PBXProject section */
		07B8205E2BF7F61700CE0C6A /* Project object */ = {
			isa = PBXProject;
			attributes = {
				BuildIndependentTargetsInParallel = 1;
				LastSwiftUpdateCheck = 1520;
				LastUpgradeCheck = 1520;
				TargetAttributes = {
					07B820652BF7F61700CE0C6A = {
						CreatedOnToolsVersion = 15.2;
					};
					07B820752BF7F61900CE0C6A = {
						CreatedOnToolsVersion = 15.2;
						TestTargetID = 07B820652BF7F61700CE0C6A;
					};
					07B8207F2BF7F61900CE0C6A = {
						CreatedOnToolsVersion = 15.2;
						TestTargetID = 07B820652BF7F61700CE0C6A;
					};
				};
			};
			buildConfigurationList = 07B820612BF7F61700CE0C6A /* Build configuration list for PBXProject "Login-FastAPI" */;
			compatibilityVersion = "Xcode 14.0";
			developmentRegion = en;
			hasScannedForEncodings = 0;
			knownRegions = (
				en,
				Base,
			);
			mainGroup = 07B8205D2BF7F61700CE0C6A;
			productRefGroup = 07B820672BF7F61700CE0C6A /* Products */;
			projectDirPath = "";
			projectRoot = "";
			targets = (
				07B820652BF7F61700CE0C6A /* Login-FastAPI */,
				07B820752BF7F61900CE0C6A /* Login-FastAPITests */,
				07B8207F2BF7F61900CE0C6A /* Login-FastAPIUITests */,
			);
		};
/* End PBXProject section */

/* Begin PBXResourcesBuildPhase section */
		07B820642BF7F61700CE0C6A /* Resources */ = {
			isa = PBXResourcesBuildPhase;
			buildActionMask = 2147483647;
			files = (
				07B820712BF7F61800CE0C6A /* Preview Assets.xcassets in Resources */,
				07B8206E2BF7F61800CE0C6A /* Assets.xcassets in Resources */,
			);
			runOnlyForDeploymentPostprocessing = 0;
		};
		07B820742BF7F61900CE0C6A /* Resources */ = {
			isa = PBXResourcesBuildPhase;
			buildActionMask = 2147483647;
			files = (
			);
			runOnlyForDeploymentPostprocessing = 0;
		};
		07B8207E2BF7F61900CE0C6A /* Resources */ = {
			isa = PBXResourcesBuildPhase;
			buildActionMask = 2147483647;
			files = (
			);
			runOnlyForDeploymentPostprocessing = 0;
		};
/* End PBXResourcesBuildPhase section */

/* Begin PBXSourcesBuildPhase section */
		07B820622BF7F61700CE0C6A /* Sources */ = {
			isa = PBXSourcesBuildPhase;
			buildActionMask = 2147483647;
			files = (
				BF5465D42BFA9906009D57CE /* ImageItem.swift in Sources */,
				07B8209D2BF7F6FA00CE0C6A /* NetworkManager.swift in Sources */,
				BF5465D62BFA9926009D57CE /* ImageFeedView.swift in Sources */,
				BF5465C92BFA7491009D57CE /* HomePageView.swift in Sources */,
				07B820E82BFBCD4A00CE0C6A /* DismissKeyboard.swift in Sources */,
				BF5465CB2BFA749F009D57CE /* HomePageVM.swift in Sources */,
				07B8209B2BF7F6E500CE0C6A /* APIEndpoints.swift in Sources */,
				07B8206C2BF7F61700CE0C6A /* ContentView.swift in Sources */,
				07B820952BF7F63200CE0C6A /* CreateUserView.swift in Sources */,
				07B820A62BF7F7FD00CE0C6A /* TokenResponse.swift in Sources */,
				07B8206A2BF7F61700CE0C6A /* Login_FastAPIApp.swift in Sources */,
				07B820A42BF7F7EE00CE0C6A /* TokenRequest.swift in Sources */,
				BF5465C62BFA6F58009D57CE /* LoginUserVM.swift in Sources */,
				07B820A22BF7F7DB00CE0C6A /* CreateUserResponse.swift in Sources */,
				BF5465C42BFA6F4C009D57CE /* LoginUserView.swift in Sources */,
				07B820972BF7F64400CE0C6A /* CreateUserVM.swift in Sources */,
				BF5465CE2BFA9356009D57CE /* NavBarView.swift in Sources */,
				07B820A02BF7F77800CE0C6A /* CreateUserRequest.swift in Sources */,
				BF5465D12BFA965C009D57CE /* CameraView.swift in Sources */,
			);
			runOnlyForDeploymentPostprocessing = 0;
		};
		07B820722BF7F61900CE0C6A /* Sources */ = {
			isa = PBXSourcesBuildPhase;
			buildActionMask = 2147483647;
			files = (
				07B8207B2BF7F61900CE0C6A /* Login_FastAPITests.swift in Sources */,
			);
			runOnlyForDeploymentPostprocessing = 0;
		};
		07B8207C2BF7F61900CE0C6A /* Sources */ = {
			isa = PBXSourcesBuildPhase;
			buildActionMask = 2147483647;
			files = (
				07B820852BF7F61900CE0C6A /* Login_FastAPIUITests.swift in Sources */,
				07B820872BF7F61900CE0C6A /* Login_FastAPIUITestsLaunchTests.swift in Sources */,
			);
			runOnlyForDeploymentPostprocessing = 0;
		};
/* End PBXSourcesBuildPhase section */

/* Begin PBXTargetDependency section */
		07B820782BF7F61900CE0C6A /* PBXTargetDependency */ = {
			isa = PBXTargetDependency;
			target = 07B820652BF7F61700CE0C6A /* Login-FastAPI */;
			targetProxy = 07B820772BF7F61900CE0C6A /* PBXContainerItemProxy */;
		};
		07B820822BF7F61900CE0C6A /* PBXTargetDependency */ = {
			isa = PBXTargetDependency;
			target = 07B820652BF7F61700CE0C6A /* Login-FastAPI */;
			targetProxy = 07B820812BF7F61900CE0C6A /* PBXContainerItemProxy */;
		};
/* End PBXTargetDependency section */

/* Begin XCBuildConfiguration section */
		07B820882BF7F61900CE0C6A /* Debug */ = {
			isa = XCBuildConfiguration;
			buildSettings = {
				ALWAYS_SEARCH_USER_PATHS = NO;
				ASSETCATALOG_COMPILER_GENERATE_SWIFT_ASSET_SYMBOL_EXTENSIONS = YES;
				CLANG_ANALYZER_NONNULL = YES;
				CLANG_ANALYZER_NUMBER_OBJECT_CONVERSION = YES_AGGRESSIVE;
				CLANG_CXX_LANGUAGE_STANDARD = "gnu++20";
				CLANG_ENABLE_MODULES = YES;
				CLANG_ENABLE_OBJC_ARC = YES;
				CLANG_ENABLE_OBJC_WEAK = YES;
				CLANG_WARN_BLOCK_CAPTURE_AUTORELEASING = YES;
				CLANG_WARN_BOOL_CONVERSION = YES;
				CLANG_WARN_COMMA = YES;
				CLANG_WARN_CONSTANT_CONVERSION = YES;
				CLANG_WARN_DEPRECATED_OBJC_IMPLEMENTATIONS = YES;
				CLANG_WARN_DIRECT_OBJC_ISA_USAGE = YES_ERROR;
				CLANG_WARN_DOCUMENTATION_COMMENTS = YES;
				CLANG_WARN_EMPTY_BODY = YES;
				CLANG_WARN_ENUM_CONVERSION = YES;
				CLANG_WARN_INFINITE_RECURSION = YES;
				CLANG_WARN_INT_CONVERSION = YES;
				CLANG_WARN_NON_LITERAL_NULL_CONVERSION = YES;
				CLANG_WARN_OBJC_IMPLICIT_RETAIN_SELF = YES;
				CLANG_WARN_OBJC_LITERAL_CONVERSION = YES;
				CLANG_WARN_OBJC_ROOT_CLASS = YES_ERROR;
				CLANG_WARN_QUOTED_INCLUDE_IN_FRAMEWORK_HEADER = YES;
				CLANG_WARN_RANGE_LOOP_ANALYSIS = YES;
				CLANG_WARN_STRICT_PROTOTYPES = YES;
				CLANG_WARN_SUSPICIOUS_MOVE = YES;
				CLANG_WARN_UNGUARDED_AVAILABILITY = YES_AGGRESSIVE;
				CLANG_WARN_UNREACHABLE_CODE = YES;
				CLANG_WARN__DUPLICATE_METHOD_MATCH = YES;
				COPY_PHASE_STRIP = NO;
				DEBUG_INFORMATION_FORMAT = dwarf;
				ENABLE_STRICT_OBJC_MSGSEND = YES;
				ENABLE_TESTABILITY = YES;
				ENABLE_USER_SCRIPT_SANDBOXING = YES;
				GCC_C_LANGUAGE_STANDARD = gnu17;
				GCC_DYNAMIC_NO_PIC = NO;
				GCC_NO_COMMON_BLOCKS = YES;
				GCC_OPTIMIZATION_LEVEL = 0;
				GCC_PREPROCESSOR_DEFINITIONS = (
					"DEBUG=1",
					"$(inherited)",
				);
				GCC_WARN_64_TO_32_BIT_CONVERSION = YES;
				GCC_WARN_ABOUT_RETURN_TYPE = YES_ERROR;
				GCC_WARN_UNDECLARED_SELECTOR = YES;
				GCC_WARN_UNINITIALIZED_AUTOS = YES_AGGRESSIVE;
				GCC_WARN_UNUSED_FUNCTION = YES;
				GCC_WARN_UNUSED_VARIABLE = YES;
				IPHONEOS_DEPLOYMENT_TARGET = 17.2;
				LOCALIZATION_PREFERS_STRING_CATALOGS = YES;
				MTL_ENABLE_DEBUG_INFO = INCLUDE_SOURCE;
				MTL_FAST_MATH = YES;
				ONLY_ACTIVE_ARCH = YES;
				SDKROOT = iphoneos;
				SWIFT_ACTIVE_COMPILATION_CONDITIONS = "DEBUG $(inherited)";
				SWIFT_OPTIMIZATION_LEVEL = "-Onone";
			};
			name = Debug;
		};
		07B820892BF7F61900CE0C6A /* Release */ = {
			isa = XCBuildConfiguration;
			buildSettings = {
				ALWAYS_SEARCH_USER_PATHS = NO;
				ASSETCATALOG_COMPILER_GENERATE_SWIFT_ASSET_SYMBOL_EXTENSIONS = YES;
				CLANG_ANALYZER_NONNULL = YES;
				CLANG_ANALYZER_NUMBER_OBJECT_CONVERSION = YES_AGGRESSIVE;
				CLANG_CXX_LANGUAGE_STANDARD = "gnu++20";
				CLANG_ENABLE_MODULES = YES;
				CLANG_ENABLE_OBJC_ARC = YES;
				CLANG_ENABLE_OBJC_WEAK = YES;
				CLANG_WARN_BLOCK_CAPTURE_AUTORELEASING = YES;
				CLANG_WARN_BOOL_CONVERSION = YES;
				CLANG_WARN_COMMA = YES;
				CLANG_WARN_CONSTANT_CONVERSION = YES;
				CLANG_WARN_DEPRECATED_OBJC_IMPLEMENTATIONS = YES;
				CLANG_WARN_DIRECT_OBJC_ISA_USAGE = YES_ERROR;
				CLANG_WARN_DOCUMENTATION_COMMENTS = YES;
				CLANG_WARN_EMPTY_BODY = YES;
				CLANG_WARN_ENUM_CONVERSION = YES;
				CLANG_WARN_INFINITE_RECURSION = YES;
				CLANG_WARN_INT_CONVERSION = YES;
				CLANG_WARN_NON_LITERAL_NULL_CONVERSION = YES;
				CLANG_WARN_OBJC_IMPLICIT_RETAIN_SELF = YES;
				CLANG_WARN_OBJC_LITERAL_CONVERSION = YES;
				CLANG_WARN_OBJC_ROOT_CLASS = YES_ERROR;
				CLANG_WARN_QUOTED_INCLUDE_IN_FRAMEWORK_HEADER = YES;
				CLANG_WARN_RANGE_LOOP_ANALYSIS = YES;
				CLANG_WARN_STRICT_PROTOTYPES = YES;
				CLANG_WARN_SUSPICIOUS_MOVE = YES;
				CLANG_WARN_UNGUARDED_AVAILABILITY = YES_AGGRESSIVE;
				CLANG_WARN_UNREACHABLE_CODE = YES;
				CLANG_WARN__DUPLICATE_METHOD_MATCH = YES;
				COPY_PHASE_STRIP = NO;
				DEBUG_INFORMATION_FORMAT = "dwarf-with-dsym";
				ENABLE_NS_ASSERTIONS = NO;
				ENABLE_STRICT_OBJC_MSGSEND = YES;
				ENABLE_USER_SCRIPT_SANDBOXING = YES;
				GCC_C_LANGUAGE_STANDARD = gnu17;
				GCC_NO_COMMON_BLOCKS = YES;
				GCC_WARN_64_TO_32_BIT_CONVERSION = YES;
				GCC_WARN_ABOUT_RETURN_TYPE = YES_ERROR;
				GCC_WARN_UNDECLARED_SELECTOR = YES;
				GCC_WARN_UNINITIALIZED_AUTOS = YES_AGGRESSIVE;
				GCC_WARN_UNUSED_FUNCTION = YES;
				GCC_WARN_UNUSED_VARIABLE = YES;
				IPHONEOS_DEPLOYMENT_TARGET = 17.2;
				LOCALIZATION_PREFERS_STRING_CATALOGS = YES;
				MTL_ENABLE_DEBUG_INFO = NO;
				MTL_FAST_MATH = YES;
				SDKROOT = iphoneos;
				SWIFT_COMPILATION_MODE = wholemodule;
				VALIDATE_PRODUCT = YES;
			};
			name = Release;
		};
		07B8208B2BF7F61900CE0C6A /* Debug */ = {
			isa = XCBuildConfiguration;
			buildSettings = {
				ASSETCATALOG_COMPILER_APPICON_NAME = AppIcon;
				ASSETCATALOG_COMPILER_GLOBAL_ACCENT_COLOR_NAME = AccentColor;
				CODE_SIGN_STYLE = Automatic;
				CURRENT_PROJECT_VERSION = 1;
				DEVELOPMENT_ASSET_PATHS = "\"Login-FastAPI/Preview Content\"";
				DEVELOPMENT_TEAM = "";
				ENABLE_PREVIEWS = YES;
				GENERATE_INFOPLIST_FILE = YES;
				INFOPLIST_FILE = "Login-FastAPI/Info.plist";
				INFOPLIST_KEY_NSCameraUsageDescription = "To take photos of menus and dishes";
				INFOPLIST_KEY_UIApplicationSceneManifest_Generation = YES;
				INFOPLIST_KEY_UIApplicationSupportsIndirectInputEvents = YES;
				INFOPLIST_KEY_UILaunchScreen_Generation = YES;
				INFOPLIST_KEY_UISupportedInterfaceOrientations_iPhone = "UIInterfaceOrientationPortrait UIInterfaceOrientationLandscapeLeft UIInterfaceOrientationLandscapeRight";
				LD_RUNPATH_SEARCH_PATHS = (
					"$(inherited)",
					"@executable_path/Frameworks",
				);
				MARKETING_VERSION = 1.0;
				PRODUCT_BUNDLE_IDENTIFIER = theeducationappnhall;
				PRODUCT_NAME = "$(TARGET_NAME)";
				SWIFT_EMIT_LOC_STRINGS = YES;
				SWIFT_VERSION = 5.0;
				TARGETED_DEVICE_FAMILY = "1,2";
			};
			name = Debug;
		};
		07B8208C2BF7F61900CE0C6A /* Release */ = {
			isa = XCBuildConfiguration;
			buildSettings = {
				ASSETCATALOG_COMPILER_APPICON_NAME = AppIcon;
				ASSETCATALOG_COMPILER_GLOBAL_ACCENT_COLOR_NAME = AccentColor;
				CODE_SIGN_STYLE = Automatic;
				CURRENT_PROJECT_VERSION = 1;
				DEVELOPMENT_ASSET_PATHS = "\"Login-FastAPI/Preview Content\"";
				DEVELOPMENT_TEAM = "";
				ENABLE_PREVIEWS = YES;
				GENERATE_INFOPLIST_FILE = YES;
				INFOPLIST_FILE = "Login-FastAPI/Info.plist";
				INFOPLIST_KEY_NSCameraUsageDescription = "To take photos of menus and dishes";
				INFOPLIST_KEY_UIApplicationSceneManifest_Generation = YES;
				INFOPLIST_KEY_UIApplicationSupportsIndirectInputEvents = YES;
				INFOPLIST_KEY_UILaunchScreen_Generation = YES;
				INFOPLIST_KEY_UISupportedInterfaceOrientations_iPhone = "UIInterfaceOrientationPortrait UIInterfaceOrientationLandscapeLeft UIInterfaceOrientationLandscapeRight";
				LD_RUNPATH_SEARCH_PATHS = (
					"$(inherited)",
					"@executable_path/Frameworks",
				);
				MARKETING_VERSION = 1.0;
				PRODUCT_BUNDLE_IDENTIFIER = theeducationappnhall;
				PRODUCT_NAME = "$(TARGET_NAME)";
				SWIFT_EMIT_LOC_STRINGS = YES;
				SWIFT_VERSION = 5.0;
				TARGETED_DEVICE_FAMILY = "1,2";
			};
			name = Release;
		};
		07B8208E2BF7F61900CE0C6A /* Debug */ = {
			isa = XCBuildConfiguration;
			buildSettings = {
				ALWAYS_EMBED_SWIFT_STANDARD_LIBRARIES = YES;
				BUNDLE_LOADER = "$(TEST_HOST)";
				CODE_SIGN_STYLE = Automatic;
				CURRENT_PROJECT_VERSION = 1;
				DEVELOPMENT_TEAM = C3353ZR648;
				GENERATE_INFOPLIST_FILE = YES;
				IPHONEOS_DEPLOYMENT_TARGET = 17.2;
				MARKETING_VERSION = 1.0;
				PRODUCT_BUNDLE_IDENTIFIER = "c-lo.Login-FastAPITests";
				PRODUCT_NAME = "$(TARGET_NAME)";
				SWIFT_EMIT_LOC_STRINGS = NO;
				SWIFT_VERSION = 5.0;
				TARGETED_DEVICE_FAMILY = "1,2";
				TEST_HOST = "$(BUILT_PRODUCTS_DIR)/Login-FastAPI.app/$(BUNDLE_EXECUTABLE_FOLDER_PATH)/Login-FastAPI";
			};
			name = Debug;
		};
		07B8208F2BF7F61900CE0C6A /* Release */ = {
			isa = XCBuildConfiguration;
			buildSettings = {
				ALWAYS_EMBED_SWIFT_STANDARD_LIBRARIES = YES;
				BUNDLE_LOADER = "$(TEST_HOST)";
				CODE_SIGN_STYLE = Automatic;
				CURRENT_PROJECT_VERSION = 1;
				DEVELOPMENT_TEAM = C3353ZR648;
				GENERATE_INFOPLIST_FILE = YES;
				IPHONEOS_DEPLOYMENT_TARGET = 17.2;
				MARKETING_VERSION = 1.0;
				PRODUCT_BUNDLE_IDENTIFIER = "c-lo.Login-FastAPITests";
				PRODUCT_NAME = "$(TARGET_NAME)";
				SWIFT_EMIT_LOC_STRINGS = NO;
				SWIFT_VERSION = 5.0;
				TARGETED_DEVICE_FAMILY = "1,2";
				TEST_HOST = "$(BUILT_PRODUCTS_DIR)/Login-FastAPI.app/$(BUNDLE_EXECUTABLE_FOLDER_PATH)/Login-FastAPI";
			};
			name = Release;
		};
		07B820912BF7F61900CE0C6A /* Debug */ = {
			isa = XCBuildConfiguration;
			buildSettings = {
				ALWAYS_EMBED_SWIFT_STANDARD_LIBRARIES = YES;
				CODE_SIGN_STYLE = Automatic;
				CURRENT_PROJECT_VERSION = 1;
				DEVELOPMENT_TEAM = C3353ZR648;
				GENERATE_INFOPLIST_FILE = YES;
				MARKETING_VERSION = 1.0;
				PRODUCT_BUNDLE_IDENTIFIER = "c-lo.Login-FastAPIUITests";
				PRODUCT_NAME = "$(TARGET_NAME)";
				SWIFT_EMIT_LOC_STRINGS = NO;
				SWIFT_VERSION = 5.0;
				TARGETED_DEVICE_FAMILY = "1,2";
				TEST_TARGET_NAME = "Login-FastAPI";
			};
			name = Debug;
		};
		07B820922BF7F61900CE0C6A /* Release */ = {
			isa = XCBuildConfiguration;
			buildSettings = {
				ALWAYS_EMBED_SWIFT_STANDARD_LIBRARIES = YES;
				CODE_SIGN_STYLE = Automatic;
				CURRENT_PROJECT_VERSION = 1;
				DEVELOPMENT_TEAM = C3353ZR648;
				GENERATE_INFOPLIST_FILE = YES;
				MARKETING_VERSION = 1.0;
				PRODUCT_BUNDLE_IDENTIFIER = "c-lo.Login-FastAPIUITests";
				PRODUCT_NAME = "$(TARGET_NAME)";
				SWIFT_EMIT_LOC_STRINGS = NO;
				SWIFT_VERSION = 5.0;
				TARGETED_DEVICE_FAMILY = "1,2";
				TEST_TARGET_NAME = "Login-FastAPI";
			};
			name = Release;
		};
/* End XCBuildConfiguration section */

/* Begin XCConfigurationList section */
		07B820612BF7F61700CE0C6A /* Build configuration list for PBXProject "Login-FastAPI" */ = {
			isa = XCConfigurationList;
			buildConfigurations = (
				07B820882BF7F61900CE0C6A /* Debug */,
				07B820892BF7F61900CE0C6A /* Release */,
			);
			defaultConfigurationIsVisible = 0;
			defaultConfigurationName = Release;
		};
		07B8208A2BF7F61900CE0C6A /* Build configuration list for PBXNativeTarget "Login-FastAPI" */ = {
			isa = XCConfigurationList;
			buildConfigurations = (
				07B8208B2BF7F61900CE0C6A /* Debug */,
				07B8208C2BF7F61900CE0C6A /* Release */,
			);
			defaultConfigurationIsVisible = 0;
			defaultConfigurationName = Release;
		};
		07B8208D2BF7F61900CE0C6A /* Build configuration list for PBXNativeTarget "Login-FastAPITests" */ = {
			isa = XCConfigurationList;
			buildConfigurations = (
				07B8208E2BF7F61900CE0C6A /* Debug */,
				07B8208F2BF7F61900CE0C6A /* Release */,
			);
			defaultConfigurationIsVisible = 0;
			defaultConfigurationName = Release;
		};
		07B820902BF7F61900CE0C6A /* Build configuration list for PBXNativeTarget "Login-FastAPIUITests" */ = {
			isa = XCConfigurationList;
			buildConfigurations = (
				07B820912BF7F61900CE0C6A /* Debug */,
				07B820922BF7F61900CE0C6A /* Release */,
			);
			defaultConfigurationIsVisible = 0;
			defaultConfigurationName = Release;
		};
/* End XCConfigurationList section */
	};
	rootObject = 07B8205E2BF7F61700CE0C6A /* Project object */;
}
